
Microsoft Visual Studio Solution File, Format Version 11.00
# Visual Studio 2010
Project("{FAE04EC0-301F-11D3-BF4B-00C04F79EFBC}") = "SilverlightSnowWebPart", "SilverlightSnowWebPart\SilverlightSnowWebPart.csproj", "{31AC27E7-7CF1-4DAF-B5F5-4D3F09D1162E}"
EndProject
Project("{FAE04EC0-301F-11D3-BF4B-00C04F79EFBC}") = "SilverlightSnow1", "..\SilverlightSnow1\SilverlightSnow1\SilverlightSnow1.csproj", "{525F3ABD-D5D5-4DE0-BB52-C12F1061C213}"
EndProject
Global
	GlobalSection(SolutionConfigurationPlatforms) = preSolution
		Debug|Any CPU = Debug|Any CPU
		Release|Any CPU = Release|Any CPU
	EndGlobalSection
	GlobalSection(ProjectConfigurationPlatforms) = postSolution
		{31AC27E7-7CF1-4DAF-B5F5-4D3F09D1162E}.Debug|Any CPU.ActiveCfg = Debug|Any CPU
		{31AC27E7-7CF1-4DAF-B5F5-4D3F09D1162E}.Debug|Any CPU.Build.0 = Debug|Any CPU
		{31AC27E7-7CF1-4DAF-B5F5-4D3F09D1162E}.Debug|Any CPU.Deploy.0 = Debug|Any CPU
		{31AC27E7-7CF1-4DAF-B5F5-4D3F09D1162E}.Release|Any CPU.ActiveCfg = Release|Any CPU
		{31AC27E7-7CF1-4DAF-B5F5-4D3F09D1162E}.Release|Any CPU.Build.0 = Release|Any CPU
		{31AC27E7-7CF1-4DAF-B5F5-4D3F09D1162E}.Release|Any CPU.Deploy.0 = Release|Any CPU
		{525F3ABD-D5D5-4DE0-BB52-C12F1061C213}.Debug|Any CPU.ActiveCfg = Debug|Any CPU
		{525F3ABD-D5D5-4DE0-BB52-C12F1061C213}.Debug|Any CPU.Build.0 = Debug|Any CPU
		{525F3ABD-D5D5-4DE0-BB52-C12F1061C213}.Release|Any CPU.ActiveCfg = Release|Any CPU
		{525F3ABD-D5D5-4DE0-BB52-C12F1061C213}.Release|Any CPU.Build.0 = Release|Any CPU
	EndGlobalSection
	GlobalSection(SolutionProperties) = preSolution
		HideSolutionNode = FALSE
	EndGlobalSection
EndGlobal
