
Microsoft Visual Studio Solution File, Format Version 11.00
# Visual Studio 2010
Project("{FAE04EC0-301F-11D3-BF4B-00C04F79EFBC}") = "VisualWebPartExternalDatabase", "VisualWebPartExternalDatabase\VisualWebPartExternalDatabase.csproj", "{FBCC7898-557B-4D3E-8FEC-A93D2C197286}"
EndProject
Global
	GlobalSection(SolutionConfigurationPlatforms) = preSolution
		Debug|Any CPU = Debug|Any CPU
		Release|Any CPU = Release|Any CPU
	EndGlobalSection
	GlobalSection(ProjectConfigurationPlatforms) = postSolution
		{FBCC7898-557B-4D3E-8FEC-A93D2C197286}.Debug|Any CPU.ActiveCfg = Debug|Any CPU
		{FBCC7898-557B-4D3E-8FEC-A93D2C197286}.Debug|Any CPU.Build.0 = Debug|Any CPU
		{FBCC7898-557B-4D3E-8FEC-A93D2C197286}.Debug|Any CPU.Deploy.0 = Debug|Any CPU
		{FBCC7898-557B-4D3E-8FEC-A93D2C197286}.Release|Any CPU.ActiveCfg = Release|Any CPU
		{FBCC7898-557B-4D3E-8FEC-A93D2C197286}.Release|Any CPU.Build.0 = Release|Any CPU
		{FBCC7898-557B-4D3E-8FEC-A93D2C197286}.Release|Any CPU.Deploy.0 = Release|Any CPU
	EndGlobalSection
	GlobalSection(SolutionProperties) = preSolution
		HideSolutionNode = FALSE
	EndGlobalSection
EndGlobal
